{
  "name": "parse",
  "version": "1.0.0",
  "lockfileVersion": 1,
  "requires": true,
  "dependencies": {
    "bindings": {
      "version": "1.3.0",
      "resolved": "https://registry.npmjs.org/bindings/-/bindings-1.3.0.tgz",
      "integrity": "sha512-DpLh5EzMR2kzvX1KIlVC0VkC3iZtHKTgdtZ0a3pglBZdaQFjt5S9g9xd1lE+YvXyfd6mtCeRnrUfOLYiTMlNSw=="
    },
    "bootstrap": {
      "version": "4.0.0",
      "resolved": "https://registry.npmjs.org/bootstrap/-/bootstrap-4.0.0.tgz",
      "integrity": "sha512-gulJE5dGFo6Q61V/whS6VM4WIyrlydXfCgkE+Gxe5hjrJ8rXLLZlALq7zq2RPhOc45PSwQpJkrTnc2KgD6cvmA=="
    },
    "circular-json": {
      "version": "0.5.1",
      "resolved": "https://registry.npmjs.org/circular-json/-/circular-json-0.5.1.tgz",
      "integrity": "sha512-UjgcRlTAhAkLeXmDe2wK7ktwy/tgAqxiSndTIPiFZuIPLZmzHzWMwUIe9h9m/OokypG7snxCDEuwJshGBdPvaw=="
    },
    "eslint-plugin-promise": {
      "version": "3.6.0",
      "resolved": "https://registry.npmjs.org/eslint-plugin-promise/-/eslint-plugin-promise-3.6.0.tgz",
      "integrity": "sha512-YQzM6TLTlApAr7Li8vWKR+K3WghjwKcYzY0d2roWap4SLK+kzuagJX/leTetIDWsFcTFnKNJXWupDCD6aZkP2Q==",
      "dev": true
    },
    "hoek": {
      "version": "4.2.0",
      "resolved": "https://registry.npmjs.org/hoek/-/hoek-4.2.0.tgz",
      "integrity": "sha512-v0XCLxICi9nPfYrS9RL8HbYnXi9obYAeLbSP00BmnZwCK9+Ih9WOjoZ8YoHCoav2csqn4FOz4Orldsy2dmDwmQ=="
    },
    "isemail": {
      "version": "2.2.1",
      "resolved": "https://registry.npmjs.org/isemail/-/isemail-2.2.1.tgz",
      "integrity": "sha1-A1PT2aYpUQgMJiwqoKQrjqjp4qY="
    },
    "items": {
      "version": "2.1.1",
      "resolved": "https://registry.npmjs.org/items/-/items-2.1.1.tgz",
      "integrity": "sha1-i9FtnIOxlSneWuoyGsqtp4NkoZg="
    },
    "joi": {
      "version": "9.2.0",
      "resolved": "https://registry.npmjs.org/joi/-/joi-9.2.0.tgz",
      "integrity": "sha1-M4WseQGSEwy+Iw6ALsAskhW7/to=",
      "requires": {
        "hoek": "4.2.0",
        "isemail": "2.2.1",
        "items": "2.1.1",
        "moment": "2.19.3",
        "topo": "2.0.2"
      }
    },
    "jquery": {
      "version": "3.3.1",
      "resolved": "https://registry.npmjs.org/jquery/-/jquery-3.3.1.tgz",
      "integrity": "sha512-Ubldcmxp5np52/ENotGxlLe6aGMvmF4R8S6tZjsP6Knsaxd/xp3Zrh50cG93lR6nPXyUFwzN3ZSOQI0wRJNdGg=="
    },
    "moment": {
      "version": "2.19.3",
      "resolved": "https://registry.npmjs.org/moment/-/moment-2.19.3.tgz",
      "integrity": "sha1-vbmdJw1tf9p4zA+6zoVeJ/59pp8="
    },
    "nan": {
      "version": "2.8.0",
      "resolved": "https://registry.npmjs.org/nan/-/nan-2.8.0.tgz",
      "integrity": "sha1-7XFfP+neArV6XmJS2QqWZ14fCFo="
    },
    "node-expat": {
      "version": "2.3.16",
      "resolved": "https://registry.npmjs.org/node-expat/-/node-expat-2.3.16.tgz",
      "integrity": "sha512-e3HyQI0lk5CXyYQ4RsDYGiWdY5LJxNMlNCzo4/gwqY8lhYIeTf5VwGirGDa1EPrcZROmOR37wHuFVnoHmOWnOw==",
      "requires": {
        "bindings": "1.3.0",
        "nan": "2.8.0"
      }
    },
    "popper.js": {
      "version": "1.12.9",
      "resolved": "https://registry.npmjs.org/popper.js/-/popper.js-1.12.9.tgz",
      "integrity": "sha1-DfvC3/lsRRuzMu3Pz6r1ZtMx1bM="
    },
    "sax": {
      "version": "1.2.4",
      "resolved": "https://registry.npmjs.org/sax/-/sax-1.2.4.tgz",
      "integrity": "sha512-NqVDv9TpANUjFm0N8uM5GxL36UgKi9/atZw+x7YFnQ8ckwFGKrl4xX4yWtrey3UJm5nP1kUbnYgLopqWNSRhWw=="
    },
    "topo": {
      "version": "2.0.2",
      "resolved": "https://registry.npmjs.org/topo/-/topo-2.0.2.tgz",
      "integrity": "sha1-zVYVdSU5BXwNwEkaYhw7xvvh0YI=",
      "requires": {
        "hoek": "4.2.0"
      }
    },
    "xml2js": {
      "version": "0.4.19",
      "resolved": "https://registry.npmjs.org/xml2js/-/xml2js-0.4.19.tgz",
      "integrity": "sha512-esZnJZJOiJR9wWKMyuvSE1y6Dq5LCuJanqhxslH2bxM6duahNZ+HMpCLhBQGZkbX6xRf8x1Y2eJlgt2q3qo49Q==",
      "requires": {
        "sax": "1.2.4",
        "xmlbuilder": "9.0.4"
      }
    },
    "xml2json": {
      "version": "0.11.0",
      "resolved": "https://registry.npmjs.org/xml2json/-/xml2json-0.11.0.tgz",
      "integrity": "sha1-HVTx2GjbvQSJK4RdfLrZTFKOFuQ=",
      "requires": {
        "hoek": "4.2.0",
        "joi": "9.2.0",
        "node-expat": "2.3.16"
      }
    },
    "xmlbuilder": {
      "version": "9.0.4",
      "resolved": "https://registry.npmjs.org/xmlbuilder/-/xmlbuilder-9.0.4.tgz",
      "integrity": "sha1-UZy0ymhtAFqEINNJbz8MruzKWA8="
    }
  }
}
